
Microsoft Visual Studio Solution File, Format Version 12.00
# Visual Studio Version 16
VisualStudioVersion = 16.0.29215.179
MinimumVisualStudioVersion = 10.0.40219.1
Project("{FAE04EC0-301F-11D3-BF4B-00C04F79EFBC}") = "Övning12.1", "Övning12.1\Övning12.1.csproj", "{C06FAE35-CA5C-4484-864D-2717700E6C5A}"
EndProject
Global
	GlobalSection(SolutionConfigurationPlatforms) = preSolution
		Debug|Any CPU = Debug|Any CPU
		Release|Any CPU = Release|Any CPU
	EndGlobalSection
	GlobalSection(ProjectConfigurationPlatforms) = postSolution
		{C06FAE35-CA5C-4484-864D-2717700E6C5A}.Debug|Any CPU.ActiveCfg = Debug|Any CPU
		{C06FAE35-CA5C-4484-864D-2717700E6C5A}.Debug|Any CPU.Build.0 = Debug|Any CPU
		{C06FAE35-CA5C-4484-864D-2717700E6C5A}.Release|Any CPU.ActiveCfg = Release|Any CPU
		{C06FAE35-CA5C-4484-864D-2717700E6C5A}.Release|Any CPU.Build.0 = Release|Any CPU
	EndGlobalSection
	GlobalSection(SolutionProperties) = preSolution
		HideSolutionNode = FALSE
	EndGlobalSection
	GlobalSection(ExtensibilityGlobals) = postSolution
		SolutionGuid = {0369B94D-43EB-4CAB-933B-AFD5D2BCD4AB}
	EndGlobalSection
EndGlobal
