
Microsoft Visual Studio Solution File, Format Version 12.00
# Visual Studio Version 16
VisualStudioVersion = 16.0.29209.62
MinimumVisualStudioVersion = 10.0.40219.1
Project("{FAE04EC0-301F-11D3-BF4B-00C04F79EFBC}") = "Villkorsoperatorn", "Villkorsoperatorn\Villkorsoperatorn.csproj", "{702B910E-8156-44ED-93B5-2F8C33631F64}"
EndProject
Global
	GlobalSection(SolutionConfigurationPlatforms) = preSolution
		Debug|Any CPU = Debug|Any CPU
		Release|Any CPU = Release|Any CPU
	EndGlobalSection
	GlobalSection(ProjectConfigurationPlatforms) = postSolution
		{702B910E-8156-44ED-93B5-2F8C33631F64}.Debug|Any CPU.ActiveCfg = Debug|Any CPU
		{702B910E-8156-44ED-93B5-2F8C33631F64}.Debug|Any CPU.Build.0 = Debug|Any CPU
		{702B910E-8156-44ED-93B5-2F8C33631F64}.Release|Any CPU.ActiveCfg = Release|Any CPU
		{702B910E-8156-44ED-93B5-2F8C33631F64}.Release|Any CPU.Build.0 = Release|Any CPU
	EndGlobalSection
	GlobalSection(SolutionProperties) = preSolution
		HideSolutionNode = FALSE
	EndGlobalSection
	GlobalSection(ExtensibilityGlobals) = postSolution
		SolutionGuid = {EC06DAA6-7250-4595-9880-B6B96299D5F8}
	EndGlobalSection
EndGlobal
