
Microsoft Visual Studio Solution File, Format Version 12.00
# Visual Studio Version 16
VisualStudioVersion = 16.0.29306.81
MinimumVisualStudioVersion = 10.0.40219.1
Project("{FAE04EC0-301F-11D3-BF4B-00C04F79EFBC}") = "Övning7.4", "Övning7.4\Övning7.4.csproj", "{EE1A1364-F30F-4CC5-B54E-5707BB604CB0}"
EndProject
Global
	GlobalSection(SolutionConfigurationPlatforms) = preSolution
		Debug|Any CPU = Debug|Any CPU
		Release|Any CPU = Release|Any CPU
	EndGlobalSection
	GlobalSection(ProjectConfigurationPlatforms) = postSolution
		{EE1A1364-F30F-4CC5-B54E-5707BB604CB0}.Debug|Any CPU.ActiveCfg = Debug|Any CPU
		{EE1A1364-F30F-4CC5-B54E-5707BB604CB0}.Debug|Any CPU.Build.0 = Debug|Any CPU
		{EE1A1364-F30F-4CC5-B54E-5707BB604CB0}.Release|Any CPU.ActiveCfg = Release|Any CPU
		{EE1A1364-F30F-4CC5-B54E-5707BB604CB0}.Release|Any CPU.Build.0 = Release|Any CPU
	EndGlobalSection
	GlobalSection(SolutionProperties) = preSolution
		HideSolutionNode = FALSE
	EndGlobalSection
	GlobalSection(ExtensibilityGlobals) = postSolution
		SolutionGuid = {97FED25B-3BD8-42B9-A087-E53FC4FE2560}
	EndGlobalSection
EndGlobal
