
Microsoft Visual Studio Solution File, Format Version 12.00
# Visual Studio Version 16
VisualStudioVersion = 16.0.29215.179
MinimumVisualStudioVersion = 10.0.40219.1
Project("{FAE04EC0-301F-11D3-BF4B-00C04F79EFBC}") = "Övning9.4", "Övning9.4\Övning9.4.csproj", "{F1AE1BC8-0CD2-42F4-A0FF-6EF1D7AC399D}"
EndProject
Global
	GlobalSection(SolutionConfigurationPlatforms) = preSolution
		Debug|Any CPU = Debug|Any CPU
		Release|Any CPU = Release|Any CPU
	EndGlobalSection
	GlobalSection(ProjectConfigurationPlatforms) = postSolution
		{F1AE1BC8-0CD2-42F4-A0FF-6EF1D7AC399D}.Debug|Any CPU.ActiveCfg = Debug|Any CPU
		{F1AE1BC8-0CD2-42F4-A0FF-6EF1D7AC399D}.Debug|Any CPU.Build.0 = Debug|Any CPU
		{F1AE1BC8-0CD2-42F4-A0FF-6EF1D7AC399D}.Release|Any CPU.ActiveCfg = Release|Any CPU
		{F1AE1BC8-0CD2-42F4-A0FF-6EF1D7AC399D}.Release|Any CPU.Build.0 = Release|Any CPU
	EndGlobalSection
	GlobalSection(SolutionProperties) = preSolution
		HideSolutionNode = FALSE
	EndGlobalSection
	GlobalSection(ExtensibilityGlobals) = postSolution
		SolutionGuid = {56D7C1E1-9F3D-487A-B946-9051E19C64AF}
	EndGlobalSection
EndGlobal
