
Microsoft Visual Studio Solution File, Format Version 12.00
# Visual Studio Version 16
VisualStudioVersion = 16.0.29209.62
MinimumVisualStudioVersion = 10.0.40219.1
Project("{FAE04EC0-301F-11D3-BF4B-00C04F79EFBC}") = "Övning9.10", "Övning9.10\Övning9.10.csproj", "{DB07A484-3244-440C-A5EB-FB00A9DE8395}"
EndProject
Global
	GlobalSection(SolutionConfigurationPlatforms) = preSolution
		Debug|Any CPU = Debug|Any CPU
		Release|Any CPU = Release|Any CPU
	EndGlobalSection
	GlobalSection(ProjectConfigurationPlatforms) = postSolution
		{DB07A484-3244-440C-A5EB-FB00A9DE8395}.Debug|Any CPU.ActiveCfg = Debug|Any CPU
		{DB07A484-3244-440C-A5EB-FB00A9DE8395}.Debug|Any CPU.Build.0 = Debug|Any CPU
		{DB07A484-3244-440C-A5EB-FB00A9DE8395}.Release|Any CPU.ActiveCfg = Release|Any CPU
		{DB07A484-3244-440C-A5EB-FB00A9DE8395}.Release|Any CPU.Build.0 = Release|Any CPU
	EndGlobalSection
	GlobalSection(SolutionProperties) = preSolution
		HideSolutionNode = FALSE
	EndGlobalSection
	GlobalSection(ExtensibilityGlobals) = postSolution
		SolutionGuid = {D8CFA9F5-66FE-455D-B693-AAF35AC70978}
	EndGlobalSection
EndGlobal
