
Microsoft Visual Studio Solution File, Format Version 12.00
# Visual Studio Version 16
VisualStudioVersion = 16.0.29306.81
MinimumVisualStudioVersion = 10.0.40219.1
Project("{FAE04EC0-301F-11D3-BF4B-00C04F79EFBC}") = "Övning11.5", "Övning11.5\Övning11.5.csproj", "{6EEE33DA-20FE-4591-8698-4AE922DE8E39}"
EndProject
Global
	GlobalSection(SolutionConfigurationPlatforms) = preSolution
		Debug|Any CPU = Debug|Any CPU
		Release|Any CPU = Release|Any CPU
	EndGlobalSection
	GlobalSection(ProjectConfigurationPlatforms) = postSolution
		{6EEE33DA-20FE-4591-8698-4AE922DE8E39}.Debug|Any CPU.ActiveCfg = Debug|Any CPU
		{6EEE33DA-20FE-4591-8698-4AE922DE8E39}.Debug|Any CPU.Build.0 = Debug|Any CPU
		{6EEE33DA-20FE-4591-8698-4AE922DE8E39}.Release|Any CPU.ActiveCfg = Release|Any CPU
		{6EEE33DA-20FE-4591-8698-4AE922DE8E39}.Release|Any CPU.Build.0 = Release|Any CPU
	EndGlobalSection
	GlobalSection(SolutionProperties) = preSolution
		HideSolutionNode = FALSE
	EndGlobalSection
	GlobalSection(ExtensibilityGlobals) = postSolution
		SolutionGuid = {9BE418D5-08EA-4538-98B4-88E906C003D9}
	EndGlobalSection
EndGlobal
